{
  "nodes": {
    "ChibiOS": {
      "flake": false,
      "locked": {
        "lastModified": 1613226400,
        "narHash": "sha256-yfEbgFN1scjDtza2L5s4QnxrlFjpnKDYBM7Ak7WP4QU=",
        "owner": "qmk",
        "repo": "ChibiOS",
        "rev": "413e39c5681d181720440f2a8b7391f581788d7b",
        "type": "github"
      },
      "original": {
        "owner": "qmk",
        "repo": "ChibiOS",
        "type": "github"
      }
    },
    "ChibiOS-Contrib": {
      "flake": false,
      "locked": {
        "lastModified": 1630157004,
        "narHash": "sha256-mjILJeNdmn6iDMRUjgQh4Wz7We77TC1QmUgAdK220T8=",
        "owner": "qmk",
        "repo": "ChibiOS-Contrib",
        "rev": "4568901a91e9bef78ea96a7a83e8150fe1f7353a",
        "type": "github"
      },
      "original": {
        "owner": "qmk",
        "repo": "ChibiOS-Contrib",
        "type": "github"
      }
    },
    "googletest": {
      "flake": false,
      "locked": {
        "lastModified": 1627529225,
        "narHash": "sha256-VuOfUPwl3QHtxjGfWq2tjObutncRoOjEJoY1ET+4pNI=",
        "owner": "qmk",
        "repo": "googletest",
        "rev": "2d924d7a971e9667d76ad09727fb2402b4f8a1e3",
        "type": "github"
      },
      "original": {
        "owner": "qmk",
        "repo": "googletest",
        "type": "github"
      }
    },
    "hexdumpSrc": {
      "flake": false,
      "locked": {
        "lastModified": 1615171434,
        "narHash": "sha256-nQR61r37koQkN46vQyDFBTij7se9+z0xg89b90UkLIM=",
        "owner": "sarnold",
        "repo": "hexdump",
        "rev": "a1686f09a70091d6bbb1aa6f2f8a255db8fcb3cf",
        "type": "github"
      },
      "original": {
        "owner": "sarnold",
        "repo": "hexdump",
        "type": "github"
      }
    },
    "kp_boot_32u4": {
      "flake": false,
      "locked": {
        "lastModified": 1559970181,
        "narHash": "sha256-wSqaTAgaW+6cu9F8F4Vvq/8ga7ADlTEz2Api/g7UXWk=",
        "owner": "ahtn",
        "repo": "kp_boot_32u4",
        "rev": "54e899e9b1a06bb310a2d72bf9cc3017a8513ea2",
        "type": "github"
      },
      "original": {
        "owner": "ahtn",
        "repo": "kp_boot_32u4",
        "type": "github"
      }
    },
    "lufa": {
      "flake": false,
      "locked": {
        "lastModified": 1630764587,
        "narHash": "sha256-8KOBLQbd5107t8849Unir8KTxNoV2OGRlD/R8tBXhbc=",
        "owner": "qmk",
        "repo": "lufa",
        "rev": "d6df70b8b691390865878f2a3a66bf3da84fe138",
        "type": "github"
      },
      "original": {
        "owner": "qmk",
        "repo": "lufa",
        "type": "github"
      }
    },
    "printf": {
      "flake": false,
      "locked": {
        "lastModified": 1577899008,
        "narHash": "sha256-uLN9MtmL/6aE+TRRM0OFcL1xi4gGQNFvooEJkiVIabU=",
        "owner": "qmk",
        "repo": "printf",
        "rev": "d3b984684bb8a8bdc48cc7a1abecb93ce59bbe3e",
        "type": "github"
      },
      "original": {
        "owner": "qmk",
        "repo": "printf",
        "type": "github"
      }
    },
    "qmk_firmware": {
      "flake": false,
      "locked": {
        "lastModified": 1600364742,
        "narHash": "sha256-HB/hlkWtdITfrPiwM97svvyEgK3PaMisO34UTURbpxs=",
        "owner": "qmk",
        "repo": "qmk_firmware",
        "rev": "bc15c4f4ab81c1e2950dfc1c38cf86dc626573c9",
        "type": "github"
      },
      "original": {
        "owner": "qmk",
        "repo": "qmk_firmware",
        "rev": "bc15c4f4ab81c1e2950dfc1c38cf86dc626573c9",
        "type": "github"
      }
    },
    "root": {
      "inputs": {
        "ChibiOS": "ChibiOS",
        "ChibiOS-Contrib": "ChibiOS-Contrib",
        "googletest": "googletest",
        "hexdumpSrc": "hexdumpSrc",
        "kp_boot_32u4": "kp_boot_32u4",
        "lufa": "lufa",
        "printf": "printf",
        "qmk_firmware": "qmk_firmware",
        "uGFX": "uGFX",
        "v-usb": "v-usb"
      }
    },
    "uGFX": {
      "flake": false,
      "locked": {
        "lastModified": 1578814645,
        "narHash": "sha256-ADuZ2SnWbLZ7lK6G3Zy2jxcpm5AuQ2M92sP5+caxh54=",
        "owner": "qmk",
        "repo": "uGFX",
        "rev": "40b48f470addad6a4fb1177de1a69a181158739b",
        "type": "github"
      },
      "original": {
        "owner": "qmk",
        "repo": "uGFX",
        "type": "github"
      }
    },
    "v-usb": {
      "flake": false,
      "locked": {
        "lastModified": 1597536441,
        "narHash": "sha256-TMX0BowFBzQtS+7I86bwYsCl0qFrxmFbTvOLEqhDwjY=",
        "owner": "qmk",
        "repo": "v-usb",
        "rev": "bdb53e4c043d089279d9891b68bea77614cb97ee",
        "type": "github"
      },
      "original": {
        "owner": "qmk",
        "repo": "v-usb",
        "type": "github"
      }
    }
  },
  "root": "root",
  "version": 7
}
