{
  "nodes": {
    "ChibiOS": {
      "flake": false,
      "locked": {
        "lastModified": 1775286917,
        "narHash": "sha256-Shy70Hc7rYvFEqIMX8ZIrUmh1bgZpyCHSn5lRSyu1xk=",
        "owner": "qmk",
        "repo": "ChibiOS",
        "rev": "6170ddf92d55be54c89b708d1882eea229edeb2c",
        "type": "github"
      },
      "original": {
        "owner": "qmk",
        "repo": "ChibiOS",
        "type": "github"
      }
    },
    "ChibiOS-Contrib": {
      "flake": false,
      "locked": {
        "lastModified": 1771240191,
        "narHash": "sha256-qbyy4UqukzK1rJw9rxrXkQLqGdRPj326BhCZQc2Ethk=",
        "owner": "qmk",
        "repo": "ChibiOS-Contrib",
        "rev": "5a9ad82b6ba4f649cdb800e8c2bbc9be2d3ce767",
        "type": "github"
      },
      "original": {
        "owner": "qmk",
        "repo": "ChibiOS-Contrib",
        "type": "github"
      }
    },
    "googletest": {
      "flake": false,
      "locked": {
        "lastModified": 1738944296,
        "narHash": "sha256-01PK9LxqHno89gypd7ze5gDP4V3en2J5g6JZRqohDB0=",
        "owner": "qmk",
        "repo": "googletest",
        "rev": "6910c9d9165801d8827d628cb72eb7ea9dd538c5",
        "type": "github"
      },
      "original": {
        "owner": "qmk",
        "repo": "googletest",
        "type": "github"
      }
    },
    "hexdumpSrc": {
      "flake": false,
      "locked": {
        "lastModified": 1615171434,
        "narHash": "sha256-nQR61r37koQkN46vQyDFBTij7se9+z0xg89b90UkLIM=",
        "owner": "sarnold",
        "repo": "hexdump",
        "rev": "a1686f09a70091d6bbb1aa6f2f8a255db8fcb3cf",
        "type": "github"
      },
      "original": {
        "owner": "sarnold",
        "repo": "hexdump",
        "type": "github"
      }
    },
    "kp_boot_32u4": {
      "flake": false,
      "locked": {
        "lastModified": 1559970181,
        "narHash": "sha256-wSqaTAgaW+6cu9F8F4Vvq/8ga7ADlTEz2Api/g7UXWk=",
        "owner": "ahtn",
        "repo": "kp_boot_32u4",
        "rev": "54e899e9b1a06bb310a2d72bf9cc3017a8513ea2",
        "type": "github"
      },
      "original": {
        "owner": "ahtn",
        "repo": "kp_boot_32u4",
        "type": "github"
      }
    },
    "lufa": {
      "flake": false,
      "locked": {
        "lastModified": 1661479795,
        "narHash": "sha256-BCaLSOn9ksj0+gYNdiTkZqrgKbGEbWNxnxrh3TOpsOY=",
        "owner": "qmk",
        "repo": "lufa",
        "rev": "549b97320d515bfca2f95c145a67bd13be968faa",
        "type": "github"
      },
      "original": {
        "owner": "qmk",
        "repo": "lufa",
        "type": "github"
      }
    },
    "nixpkgs": {
      "locked": {
        "lastModified": 1782723713,
        "narHash": "sha256-oPXCU/SSUokcGaJREHibG1CBX3+s/W7orDWQOZDsEeQ=",
        "owner": "NixOS",
        "repo": "nixpkgs",
        "rev": "b5aa0fbd538984f6e3d201be0005b4463d8b09f8",
        "type": "github"
      },
      "original": {
        "owner": "NixOS",
        "ref": "nixos-unstable",
        "repo": "nixpkgs",
        "type": "github"
      }
    },
    "printf": {
      "flake": false,
      "locked": {
        "lastModified": 1656536398,
        "narHash": "sha256-RgeQ1Hg1j9DF4C2N/0Qh6iGAFg8vAY1NdbxFMCcMoGQ=",
        "owner": "qmk",
        "repo": "printf",
        "rev": "c2e3b4e10d281e7f0f694d3ecbd9f320977288cc",
        "type": "github"
      },
      "original": {
        "owner": "qmk",
        "repo": "printf",
        "type": "github"
      }
    },
    "qmk_firmware": {
      "flake": false,
      "locked": {
        "lastModified": 1782480010,
        "narHash": "sha256-WY224eXjLxbLNdTUFj/DgQk3VYOPXY4ql5pt/Pqp42s=",
        "owner": "qmk",
        "repo": "qmk_firmware",
        "rev": "b1093e9da5f27253f3db692352daf5cf4ad5b98d",
        "type": "github"
      },
      "original": {
        "owner": "qmk",
        "ref": "0.33.8",
        "repo": "qmk_firmware",
        "type": "github"
      }
    },
    "root": {
      "inputs": {
        "ChibiOS": "ChibiOS",
        "ChibiOS-Contrib": "ChibiOS-Contrib",
        "googletest": "googletest",
        "hexdumpSrc": "hexdumpSrc",
        "kp_boot_32u4": "kp_boot_32u4",
        "lufa": "lufa",
        "nixpkgs": "nixpkgs",
        "printf": "printf",
        "qmk_firmware": "qmk_firmware",
        "v-usb": "v-usb"
      }
    },
    "v-usb": {
      "flake": false,
      "locked": {
        "lastModified": 1655075897,
        "narHash": "sha256-9w70OMxUoltjuxuIyzrO6g0P45iTWOt+Yh95WI5H6B4=",
        "owner": "qmk",
        "repo": "v-usb",
        "rev": "819dbc1e5d5926b17e27e00ca6d3d2988adae04e",
        "type": "github"
      },
      "original": {
        "owner": "qmk",
        "repo": "v-usb",
        "type": "github"
      }
    }
  },
  "root": "root",
  "version": 7
}
